
Microsoft Visual Studio Solution File, Format Version 12.00
# Visual Studio Version 16
VisualStudioVersion = 16.0.29411.108
MinimumVisualStudioVersion = 10.0.40219.1
Project("{9A19103F-16F7-4668-BE54-9A1E7A4F7556}") = "Obvs.RabbitMQ", "Obvs.RabbitMQ\Obvs.RabbitMQ.csproj", "{C8A8205D-4DD6-4566-9533-FAC2EC29F965}"
EndProject
Project("{9A19103F-16F7-4668-BE54-9A1E7A4F7556}") = "Obvs.RabbitMQ.Tests", "Obvs.RabbitMQ.Tests\Obvs.RabbitMQ.Tests.csproj", "{F25DC946-CA73-49F8-A29A-3CAEBCD24F3E}"
EndProject
Project("{2150E333-8FDC-42A3-9474-1A3956D46DE8}") = "build", "build", "{988FE784-8A97-4A06-8B07-6DEEC2F752E5}"
	ProjectSection(SolutionItems) = preProject
		appveyor.yml = appveyor.yml
	EndProjectSection
EndProject
Global
	GlobalSection(SolutionConfigurationPlatforms) = preSolution
		Debug|Any CPU = Debug|Any CPU
		Release|Any CPU = Release|Any CPU
	EndGlobalSection
	GlobalSection(ProjectConfigurationPlatforms) = postSolution
		{C8A8205D-4DD6-4566-9533-FAC2EC29F965}.Debug|Any CPU.ActiveCfg = Debug|Any CPU
		{C8A8205D-4DD6-4566-9533-FAC2EC29F965}.Debug|Any CPU.Build.0 = Debug|Any CPU
		{C8A8205D-4DD6-4566-9533-FAC2EC29F965}.Release|Any CPU.ActiveCfg = Release|Any CPU
		{C8A8205D-4DD6-4566-9533-FAC2EC29F965}.Release|Any CPU.Build.0 = Release|Any CPU
		{F25DC946-CA73-49F8-A29A-3CAEBCD24F3E}.Debug|Any CPU.ActiveCfg = Debug|Any CPU
		{F25DC946-CA73-49F8-A29A-3CAEBCD24F3E}.Debug|Any CPU.Build.0 = Debug|Any CPU
		{F25DC946-CA73-49F8-A29A-3CAEBCD24F3E}.Release|Any CPU.ActiveCfg = Release|Any CPU
		{F25DC946-CA73-49F8-A29A-3CAEBCD24F3E}.Release|Any CPU.Build.0 = Release|Any CPU
	EndGlobalSection
	GlobalSection(SolutionProperties) = preSolution
		HideSolutionNode = FALSE
	EndGlobalSection
	GlobalSection(ExtensibilityGlobals) = postSolution
		SolutionGuid = {72ADC4F4-E39A-422E-888B-A608B85F2966}
	EndGlobalSection
EndGlobal
