
Microsoft Visual Studio Solution File, Format Version 12.00
# Visual Studio Version 16
VisualStudioVersion = 16.0.29411.108
MinimumVisualStudioVersion = 10.0.40219.1
Project("{9A19103F-16F7-4668-BE54-9A1E7A4F7556}") = "Obvs.Kafka", "Obvs.Kafka\Obvs.Kafka.csproj", "{0E8640AA-16CD-4691-A59F-BE5EB3039304}"
EndProject
Project("{9A19103F-16F7-4668-BE54-9A1E7A4F7556}") = "Obvs.Kafka.Tests", "Obvs.Kafka.Tests\Obvs.Kafka.Tests.csproj", "{448C0387-1D3B-44DE-A27C-32BC3BD93C70}"
EndProject
Project("{2150E333-8FDC-42A3-9474-1A3956D46DE8}") = "build", "build", "{4C889491-65F4-48D7-AE2E-0F1C47C4EE3E}"
	ProjectSection(SolutionItems) = preProject
		appveyor.yml = appveyor.yml
	EndProjectSection
EndProject
Global
	GlobalSection(SolutionConfigurationPlatforms) = preSolution
		Debug|Any CPU = Debug|Any CPU
		Release|Any CPU = Release|Any CPU
	EndGlobalSection
	GlobalSection(ProjectConfigurationPlatforms) = postSolution
		{0E8640AA-16CD-4691-A59F-BE5EB3039304}.Debug|Any CPU.ActiveCfg = Debug|Any CPU
		{0E8640AA-16CD-4691-A59F-BE5EB3039304}.Debug|Any CPU.Build.0 = Debug|Any CPU
		{0E8640AA-16CD-4691-A59F-BE5EB3039304}.Release|Any CPU.ActiveCfg = Release|Any CPU
		{0E8640AA-16CD-4691-A59F-BE5EB3039304}.Release|Any CPU.Build.0 = Release|Any CPU
		{448C0387-1D3B-44DE-A27C-32BC3BD93C70}.Debug|Any CPU.ActiveCfg = Debug|Any CPU
		{448C0387-1D3B-44DE-A27C-32BC3BD93C70}.Debug|Any CPU.Build.0 = Debug|Any CPU
		{448C0387-1D3B-44DE-A27C-32BC3BD93C70}.Release|Any CPU.ActiveCfg = Release|Any CPU
		{448C0387-1D3B-44DE-A27C-32BC3BD93C70}.Release|Any CPU.Build.0 = Release|Any CPU
	EndGlobalSection
	GlobalSection(SolutionProperties) = preSolution
		HideSolutionNode = FALSE
	EndGlobalSection
	GlobalSection(ExtensibilityGlobals) = postSolution
		SolutionGuid = {86686497-7C27-4F89-8B04-8B668CE8DD22}
	EndGlobalSection
EndGlobal
