
Microsoft Visual Studio Solution File, Format Version 12.00
# Visual Studio 14
VisualStudioVersion = 14.0.23107.0
MinimumVisualStudioVersion = 10.0.40219.1
Project("{FAE04EC0-301F-11D3-BF4B-00C04F79EFBC}") = "Obvs.Integrations.Slack", "Obvs.Integrations.Slack\Obvs.Integrations.Slack.csproj", "{0956F8C8-EC1C-4D8E-86C9-58CD5136FE4F}"
EndProject
Project("{FAE04EC0-301F-11D3-BF4B-00C04F79EFBC}") = "Obvs.Integrations.Slack.Tests", "Obvs.Integrations.Slack.Tests\Obvs.Integrations.Slack.Tests.csproj", "{8E48DC0C-E9C0-4D1F-AF0D-46A74B0D3C44}"
EndProject
Global
	GlobalSection(SolutionConfigurationPlatforms) = preSolution
		Debug|Any CPU = Debug|Any CPU
		Release|Any CPU = Release|Any CPU
	EndGlobalSection
	GlobalSection(ProjectConfigurationPlatforms) = postSolution
		{0956F8C8-EC1C-4D8E-86C9-58CD5136FE4F}.Debug|Any CPU.ActiveCfg = Debug|Any CPU
		{0956F8C8-EC1C-4D8E-86C9-58CD5136FE4F}.Debug|Any CPU.Build.0 = Debug|Any CPU
		{0956F8C8-EC1C-4D8E-86C9-58CD5136FE4F}.Release|Any CPU.ActiveCfg = Release|Any CPU
		{0956F8C8-EC1C-4D8E-86C9-58CD5136FE4F}.Release|Any CPU.Build.0 = Release|Any CPU
		{8E48DC0C-E9C0-4D1F-AF0D-46A74B0D3C44}.Debug|Any CPU.ActiveCfg = Debug|Any CPU
		{8E48DC0C-E9C0-4D1F-AF0D-46A74B0D3C44}.Debug|Any CPU.Build.0 = Debug|Any CPU
		{8E48DC0C-E9C0-4D1F-AF0D-46A74B0D3C44}.Release|Any CPU.ActiveCfg = Release|Any CPU
		{8E48DC0C-E9C0-4D1F-AF0D-46A74B0D3C44}.Release|Any CPU.Build.0 = Release|Any CPU
	EndGlobalSection
	GlobalSection(SolutionProperties) = preSolution
		HideSolutionNode = FALSE
	EndGlobalSection
EndGlobal
