
Microsoft Visual Studio Solution File, Format Version 12.00
# Visual Studio 2013
VisualStudioVersion = 12.0.30723.0
MinimumVisualStudioVersion = 10.0.40219.1
Project("{FAE04EC0-301F-11D3-BF4B-00C04F79EFBC}") = "Obvs.ActiveMQ", "Obvs.ActiveMQ\Obvs.ActiveMQ.csproj", "{0E8640AA-16CD-4691-A59F-BE5EB3039304}"
EndProject
Project("{FAE04EC0-301F-11D3-BF4B-00C04F79EFBC}") = "Obvs.ActiveMQ.Tests", "Obvs.ActiveMQ.Tests\Obvs.ActiveMQ.Tests.csproj", "{448C0387-1D3B-44DE-A27C-32BC3BD93C70}"
EndProject
Global
	GlobalSection(SolutionConfigurationPlatforms) = preSolution
		Debug|Any CPU = Debug|Any CPU
		Release|Any CPU = Release|Any CPU
	EndGlobalSection
	GlobalSection(ProjectConfigurationPlatforms) = postSolution
		{0E8640AA-16CD-4691-A59F-BE5EB3039304}.Debug|Any CPU.ActiveCfg = Debug|Any CPU
		{0E8640AA-16CD-4691-A59F-BE5EB3039304}.Debug|Any CPU.Build.0 = Debug|Any CPU
		{0E8640AA-16CD-4691-A59F-BE5EB3039304}.Release|Any CPU.ActiveCfg = Release|Any CPU
		{0E8640AA-16CD-4691-A59F-BE5EB3039304}.Release|Any CPU.Build.0 = Release|Any CPU
		{448C0387-1D3B-44DE-A27C-32BC3BD93C70}.Debug|Any CPU.ActiveCfg = Debug|Any CPU
		{448C0387-1D3B-44DE-A27C-32BC3BD93C70}.Debug|Any CPU.Build.0 = Debug|Any CPU
		{448C0387-1D3B-44DE-A27C-32BC3BD93C70}.Release|Any CPU.ActiveCfg = Release|Any CPU
		{448C0387-1D3B-44DE-A27C-32BC3BD93C70}.Release|Any CPU.Build.0 = Release|Any CPU
	EndGlobalSection
	GlobalSection(SolutionProperties) = preSolution
		HideSolutionNode = FALSE
	EndGlobalSection
EndGlobal
