
Microsoft Visual Studio Solution File, Format Version 12.00
# Visual Studio Version 16
VisualStudioVersion = 16.0.29411.108
MinimumVisualStudioVersion = 10.0.40219.1
Project("{9A19103F-16F7-4668-BE54-9A1E7A4F7556}") = "Obvs.NATS", "Obvs.NATS\Obvs.NATS.csproj", "{48DC4D8D-6225-4DED-8B46-0742AFB14531}"
EndProject
Project("{9A19103F-16F7-4668-BE54-9A1E7A4F7556}") = "Obvs.NATS.Tests", "Obvs.NATS.Tests\Obvs.NATS.Tests.csproj", "{7F7B4872-3728-4E99-83BE-72D9F5BF46E1}"
EndProject
Project("{2150E333-8FDC-42A3-9474-1A3956D46DE8}") = "build", "build", "{4A8B655B-0055-4974-AA5A-A8DA765B9DD1}"
	ProjectSection(SolutionItems) = preProject
		appveyor.yml = appveyor.yml
	EndProjectSection
EndProject
Global
	GlobalSection(SolutionConfigurationPlatforms) = preSolution
		Debug|Any CPU = Debug|Any CPU
		Release|Any CPU = Release|Any CPU
	EndGlobalSection
	GlobalSection(ProjectConfigurationPlatforms) = postSolution
		{48DC4D8D-6225-4DED-8B46-0742AFB14531}.Debug|Any CPU.ActiveCfg = Debug|Any CPU
		{48DC4D8D-6225-4DED-8B46-0742AFB14531}.Debug|Any CPU.Build.0 = Debug|Any CPU
		{48DC4D8D-6225-4DED-8B46-0742AFB14531}.Release|Any CPU.ActiveCfg = Release|Any CPU
		{48DC4D8D-6225-4DED-8B46-0742AFB14531}.Release|Any CPU.Build.0 = Release|Any CPU
		{7F7B4872-3728-4E99-83BE-72D9F5BF46E1}.Debug|Any CPU.ActiveCfg = Debug|Any CPU
		{7F7B4872-3728-4E99-83BE-72D9F5BF46E1}.Debug|Any CPU.Build.0 = Debug|Any CPU
		{7F7B4872-3728-4E99-83BE-72D9F5BF46E1}.Release|Any CPU.ActiveCfg = Release|Any CPU
		{7F7B4872-3728-4E99-83BE-72D9F5BF46E1}.Release|Any CPU.Build.0 = Release|Any CPU
	EndGlobalSection
	GlobalSection(SolutionProperties) = preSolution
		HideSolutionNode = FALSE
	EndGlobalSection
	GlobalSection(ExtensibilityGlobals) = postSolution
		SolutionGuid = {9CDD8140-EDEF-46B6-852B-45D2E901A583}
	EndGlobalSection
EndGlobal
