
Microsoft Visual Studio Solution File, Format Version 12.00
# Visual Studio 14
VisualStudioVersion = 14.0.22609.0
MinimumVisualStudioVersion = 10.0.40219.1
Project("{FAE04EC0-301F-11D3-BF4B-00C04F79EFBC}") = "Obvs.Samples.SignalR", "Obvs.Samples.SignalR\Obvs.Samples.SignalR.csproj", "{04BF4B63-D002-44C1-8969-9CC1D3C529E5}"
EndProject
Project("{FAE04EC0-301F-11D3-BF4B-00C04F79EFBC}") = "Obvs.Samples.Messages", "Obvs.Samples.Messages\Obvs.Samples.Messages.csproj", "{33BE9C4F-8EEA-4BD5-9590-1C3BC5ED1168}"
EndProject
Global
	GlobalSection(SolutionConfigurationPlatforms) = preSolution
		Debug|Any CPU = Debug|Any CPU
		Release|Any CPU = Release|Any CPU
	EndGlobalSection
	GlobalSection(ProjectConfigurationPlatforms) = postSolution
		{04BF4B63-D002-44C1-8969-9CC1D3C529E5}.Debug|Any CPU.ActiveCfg = Debug|Any CPU
		{04BF4B63-D002-44C1-8969-9CC1D3C529E5}.Debug|Any CPU.Build.0 = Debug|Any CPU
		{04BF4B63-D002-44C1-8969-9CC1D3C529E5}.Release|Any CPU.ActiveCfg = Release|Any CPU
		{04BF4B63-D002-44C1-8969-9CC1D3C529E5}.Release|Any CPU.Build.0 = Release|Any CPU
		{33BE9C4F-8EEA-4BD5-9590-1C3BC5ED1168}.Debug|Any CPU.ActiveCfg = Debug|Any CPU
		{33BE9C4F-8EEA-4BD5-9590-1C3BC5ED1168}.Debug|Any CPU.Build.0 = Debug|Any CPU
		{33BE9C4F-8EEA-4BD5-9590-1C3BC5ED1168}.Release|Any CPU.ActiveCfg = Release|Any CPU
		{33BE9C4F-8EEA-4BD5-9590-1C3BC5ED1168}.Release|Any CPU.Build.0 = Release|Any CPU
	EndGlobalSection
	GlobalSection(SolutionProperties) = preSolution
		HideSolutionNode = FALSE
	EndGlobalSection
EndGlobal
